
Microsoft Visual Studio Solution File, Format Version 12.00
# Visual Studio 15
VisualStudioVersion = 15.0.28307.136
MinimumVisualStudioVersion = 10.0.40219.1
Project("{8BC9CEB8-8B4A-11D0-8D11-00A0C91BC942}") = "GL_lab4", "GL_lab4\GL_lab4.vcxproj", "{1578F4DB-374F-48AA-AE0C-23FC0F986AB5}"
EndProject
Project("{8BC9CEB8-8B4A-11D0-8D11-00A0C91BC942}") = "GL_lab3", "GL_lab3\GL_lab3.vcxproj", "{79233EF6-9DE1-404F-97B2-7499F0DFB753}"
EndProject
Global
	GlobalSection(SolutionConfigurationPlatforms) = preSolution
		Debug|x64 = Debug|x64
		Debug|x86 = Debug|x86
		Release|x64 = Release|x64
		Release|x86 = Release|x86
	EndGlobalSection
	GlobalSection(ProjectConfigurationPlatforms) = postSolution
		{1578F4DB-374F-48AA-AE0C-23FC0F986AB5}.Debug|x64.ActiveCfg = Debug|x64
		{1578F4DB-374F-48AA-AE0C-23FC0F986AB5}.Debug|x64.Build.0 = Debug|x64
		{1578F4DB-374F-48AA-AE0C-23FC0F986AB5}.Debug|x86.ActiveCfg = Debug|Win32
		{1578F4DB-374F-48AA-AE0C-23FC0F986AB5}.Debug|x86.Build.0 = Debug|Win32
		{1578F4DB-374F-48AA-AE0C-23FC0F986AB5}.Release|x64.ActiveCfg = Release|x64
		{1578F4DB-374F-48AA-AE0C-23FC0F986AB5}.Release|x64.Build.0 = Release|x64
		{1578F4DB-374F-48AA-AE0C-23FC0F986AB5}.Release|x86.ActiveCfg = Release|Win32
		{1578F4DB-374F-48AA-AE0C-23FC0F986AB5}.Release|x86.Build.0 = Release|Win32
		{79233EF6-9DE1-404F-97B2-7499F0DFB753}.Debug|x64.ActiveCfg = Debug|x64
		{79233EF6-9DE1-404F-97B2-7499F0DFB753}.Debug|x64.Build.0 = Debug|x64
		{79233EF6-9DE1-404F-97B2-7499F0DFB753}.Debug|x86.ActiveCfg = Debug|Win32
		{79233EF6-9DE1-404F-97B2-7499F0DFB753}.Debug|x86.Build.0 = Debug|Win32
		{79233EF6-9DE1-404F-97B2-7499F0DFB753}.Release|x64.ActiveCfg = Release|x64
		{79233EF6-9DE1-404F-97B2-7499F0DFB753}.Release|x64.Build.0 = Release|x64
		{79233EF6-9DE1-404F-97B2-7499F0DFB753}.Release|x86.ActiveCfg = Release|Win32
		{79233EF6-9DE1-404F-97B2-7499F0DFB753}.Release|x86.Build.0 = Release|Win32
	EndGlobalSection
	GlobalSection(SolutionProperties) = preSolution
		HideSolutionNode = FALSE
	EndGlobalSection
	GlobalSection(ExtensibilityGlobals) = postSolution
		SolutionGuid = {F59B3939-BFEE-4AA2-AC2D-04C82726CA5D}
	EndGlobalSection
EndGlobal
